
Microsoft Visual Studio Solution File, Format Version 12.00
# Visual Studio Version 16
VisualStudioVersion = 16.0.30517.126
MinimumVisualStudioVersion = 10.0.40219.1
Project("{FAE04EC0-301F-11D3-BF4B-00C04F79EFBC}") = "FoodPro", "FoodPro.csproj", "{E32559E5-984E-4ADC-ABF2-FDBC989A2DB5}"
EndProject
Global
	GlobalSection(SolutionConfigurationPlatforms) = preSolution
		Debug|Any CPU = Debug|Any CPU
		Release|Any CPU = Release|Any CPU
	EndGlobalSection
	GlobalSection(ProjectConfigurationPlatforms) = postSolution
		{E32559E5-984E-4ADC-ABF2-FDBC989A2DB5}.Debug|Any CPU.ActiveCfg = Debug|Any CPU
		{E32559E5-984E-4ADC-ABF2-FDBC989A2DB5}.Debug|Any CPU.Build.0 = Debug|Any CPU
		{E32559E5-984E-4ADC-ABF2-FDBC989A2DB5}.Debug|Any CPU.Deploy.0 = Debug|Any CPU
		{E32559E5-984E-4ADC-ABF2-FDBC989A2DB5}.Release|Any CPU.ActiveCfg = Release|Any CPU
		{E32559E5-984E-4ADC-ABF2-FDBC989A2DB5}.Release|Any CPU.Build.0 = Release|Any CPU
		{E32559E5-984E-4ADC-ABF2-FDBC989A2DB5}.Release|Any CPU.Deploy.0 = Release|Any CPU
	EndGlobalSection
	GlobalSection(SolutionProperties) = preSolution
		HideSolutionNode = FALSE
	EndGlobalSection
	GlobalSection(ExtensibilityGlobals) = postSolution
		SolutionGuid = {F2ECA2DE-CBE8-4E33-B862-4412D97C6E01}
	EndGlobalSection
EndGlobal
